// !$*UTF8*$!
{
	archiveVersion = 1;
	classes = {
	};
	objectVersion = 46;
	objects = {

/* Begin PBXBuildFile section */
		DDD168151DB9CBDB007DE450 /* AppDelegate.swift in Sources */ = {isa = PBXBuildFile; fileRef = DDD168141DB9CBDB007DE450 /* AppDelegate.swift */; };
		DDD168171DB9CBDB007DE450 /* ViewController.swift in Sources */ = {isa = PBXBuildFile; fileRef = DDD168161DB9CBDB007DE450 /* ViewController.swift */; };
		DDD1681A1DB9CBDB007DE450 /* Main.storyboard in Resources */ = {isa = PBXBuildFile; fileRef = DDD168181DB9CBDB007DE450 /* Main.storyboard */; };
		DDD1681C1DB9CBDB007DE450 /* Assets.xcassets in Resources */ = {isa = PBXBuildFile; fileRef = DDD1681B1DB9CBDB007DE450 /* Assets.xcassets */; };
		DDD1681F1DB9CBDB007DE450 /* LaunchScreen.storyboard in Resources */ = {isa = PBXBuildFile; fileRef = DDD1681D1DB9CBDB007DE450 /* LaunchScreen.storyboard */; };
		DDD1682A1DB9CBDB007DE450 /* TurboTabTests.swift in Sources */ = {isa = PBXBuildFile; fileRef = DDD168291DB9CBDB007DE450 /* TurboTabTests.swift */; };
		DDD168351DB9CBDB007DE450 /* TurboTabUITests.swift in Sources */ = {isa = PBXBuildFile; fileRef = DDD168341DB9CBDB007DE450 /* TurboTabUITests.swift */; };
/* End PBXBuildFile section */

/* Begin PBXContainerItemProxy section */
		DDD168261DB9CBDB007DE450 /* PBXContainerItemProxy */ = {
			isa = PBXContainerItemProxy;
			containerPortal = DDD168091DB9CBDB007DE450 /* Project object */;
			proxyType = 1;
			remoteGlobalIDString = DDD168101DB9CBDB007DE450;
			remoteInfo = TurboTab;
		};
		DDD168311DB9CBDB007DE450 /* PBXContainerItemProxy */ = {
			isa = PBXContainerItemProxy;
			containerPortal = DDD168091DB9CBDB007DE450 /* Project object */;
			proxyType = 1;
			remoteGlobalIDString = DDD168101DB9CBDB007DE450;
			remoteInfo = TurboTab;
		};
/* End PBXContainerItemProxy section */

/* Begin PBXFileReference section */
		DDD168111DB9CBDB007DE450 /* TurboTab.app */ = {isa = PBXFileReference; explicitFileType = wrapper.application; includeInIndex = 0; path = TurboTab.app; sourceTree = BUILT_PRODUCTS_DIR; };
		DDD168141DB9CBDB007DE450 /* AppDelegate.swift */ = {isa = PBXFileReference; lastKnownFileType = sourcecode.swift; path = AppDelegate.swift; sourceTree = "<group>"; };
		DDD168161DB9CBDB007DE450 /* ViewController.swift */ = {isa = PBXFileReference; lastKnownFileType = sourcecode.swift; path = ViewController.swift; sourceTree = "<group>"; };
		DDD168191DB9CBDB007DE450 /* Base */ = {isa = PBXFileReference; lastKnownFileType = file.storyboard; name = Base; path = Base.lproj/Main.storyboard; sourceTree = "<group>"; };
		DDD1681B1DB9CBDB007DE450 /* Assets.xcassets */ = {isa = PBXFileReference; lastKnownFileType = folder.assetcatalog; path = Assets.xcassets; sourceTree = "<group>"; };
		DDD1681E1DB9CBDB007DE450 /* Base */ = {isa = PBXFileReference; lastKnownFileType = file.storyboard; name = Base; path = Base.lproj/LaunchScreen.storyboard; sourceTree = "<group>"; };
		DDD168201DB9CBDB007DE450 /* Info.plist */ = {isa = PBXFileReference; lastKnownFileType = text.plist.xml; path = Info.plist; sourceTree = "<group>"; };
		DDD168251DB9CBDB007DE450 /* TurboTabTests.xctest */ = {isa = PBXFileReference; explicitFileType = wrapper.cfbundle; includeInIndex = 0; path = TurboTabTests.xctest; sourceTree = BUILT_PRODUCTS_DIR; };
		DDD168291DB9CBDB007DE450 /* TurboTabTests.swift */ = {isa = PBXFileReference; lastKnownFileType = sourcecode.swift; path = TurboTabTests.swift; sourceTree = "<group>"; };
		DDD1682B1DB9CBDB007DE450 /* Info.plist */ = {isa = PBXFileReference; lastKnownFileType = text.plist.xml; path = Info.plist; sourceTree = "<group>"; };
		DDD168301DB9CBDB007DE450 /* TurboTabUITests.xctest */ = {isa = PBXFileReference; explicitFileType = wrapper.cfbundle; includeInIndex = 0; path = TurboTabUITests.xctest; sourceTree = BUILT_PRODUCTS_DIR; };
		DDD168341DB9CBDB007DE450 /* TurboTabUITests.swift */ = {isa = PBXFileReference; lastKnownFileType = sourcecode.swift; path = TurboTabUITests.swift; sourceTree = "<group>"; };
		DDD168361DB9CBDB007DE450 /* Info.plist */ = {isa = PBXFileReference; lastKnownFileType = text.plist.xml; path = Info.plist; sourceTree = "<group>"; };
/* End PBXFileReference section */

/* Begin PBXFrameworksBuildPhase section */
		DDD1680E1DB9CBDB007DE450 /* Frameworks */ = {
			isa = PBXFrameworksBuildPhase;
			buildActionMask = 2147483647;
			files = (
			);
			runOnlyForDeploymentPostprocessing = 0;
		};
		DDD168221DB9CBDB007DE450 /* Frameworks */ = {
			isa = PBXFrameworksBuildPhase;
			buildActionMask = 2147483647;
			files = (
			);
			runOnlyForDeploymentPostprocessing = 0;
		};
		DDD1682D1DB9CBDB007DE450 /* Frameworks */ = {
			isa = PBXFrameworksBuildPhase;
			buildActionMask = 2147483647;
			files = (
			);
			runOnlyForDeploymentPostprocessing = 0;
		};
/* End PBXFrameworksBuildPhase section */

/* Begin PBXGroup section */
		DDD168081DB9CBDB007DE450 = {
			isa = PBXGroup;
			children = (
				DDD168131DB9CBDB007DE450 /* TurboTab */,
				DDD168281DB9CBDB007DE450 /* TurboTabTests */,
				DDD168331DB9CBDB007DE450 /* TurboTabUITests */,
				DDD168121DB9CBDB007DE450 /* Products */,
			);
			sourceTree = "<group>";
		};
		DDD168121DB9CBDB007DE450 /* Products */ = {
			isa = PBXGroup;
			children = (
				DDD168111DB9CBDB007DE450 /* TurboTab.app */,
				DDD168251DB9CBDB007DE450 /* TurboTabTests.xctest */,
				DDD168301DB9CBDB007DE450 /* TurboTabUITests.xctest */,
			);
			name = Products;
			sourceTree = "<group>";
		};
		DDD168131DB9CBDB007DE450 /* TurboTab */ = {
			isa = PBXGroup;
			children = (
				DDD168141DB9CBDB007DE450 /* AppDelegate.swift */,
				DDD168161DB9CBDB007DE450 /* ViewController.swift */,
				DDD168181DB9CBDB007DE450 /* Main.storyboard */,
				DDD1681B1DB9CBDB007DE450 /* Assets.xcassets */,
				DDD1681D1DB9CBDB007DE450 /* LaunchScreen.storyboard */,
				DDD168201DB9CBDB007DE450 /* Info.plist */,
			);
			path = TurboTab;
			sourceTree = "<group>";
		};
		DDD168281DB9CBDB007DE450 /* TurboTabTests */ = {
			isa = PBXGroup;
			children = (
				DDD168291DB9CBDB007DE450 /* TurboTabTests.swift */,
				DDD1682B1DB9CBDB007DE450 /* Info.plist */,
			);
			path = TurboTabTests;
			sourceTree = "<group>";
		};
		DDD168331DB9CBDB007DE450 /* TurboTabUITests */ = {
			isa = PBXGroup;
			children = (
				DDD168341DB9CBDB007DE450 /* TurboTabUITests.swift */,
				DDD168361DB9CBDB007DE450 /* Info.plist */,
			);
			path = TurboTabUITests;
			sourceTree = "<group>";
		};
/* End PBXGroup section */

/* Begin PBXNativeTarget section */
		DDD168101DB9CBDB007DE450 /* TurboTab */ = {
			isa = PBXNativeTarget;
			buildConfigurationList = DDD168391DB9CBDB007DE450 /* Build configuration list for PBXNativeTarget "TurboTab" */;
			buildPhases = (
				DDD1680D1DB9CBDB007DE450 /* Sources */,
				DDD1680E1DB9CBDB007DE450 /* Frameworks */,
				DDD1680F1DB9CBDB007DE450 /* Resources */,
			);
			buildRules = (
			);
			dependencies = (
			);
			name = TurboTab;
			productName = TurboTab;
			productReference = DDD168111DB9CBDB007DE450 /* TurboTab.app */;
			productType = "com.apple.product-type.application";
		};
		DDD168241DB9CBDB007DE450 /* TurboTabTests */ = {
			isa = PBXNativeTarget;
			buildConfigurationList = DDD1683C1DB9CBDB007DE450 /* Build configuration list for PBXNativeTarget "TurboTabTests" */;
			buildPhases = (
				DDD168211DB9CBDB007DE450 /* Sources */,
				DDD168221DB9CBDB007DE450 /* Frameworks */,
				DDD168231DB9CBDB007DE450 /* Resources */,
			);
			buildRules = (
			);
			dependencies = (
				DDD168271DB9CBDB007DE450 /* PBXTargetDependency */,
			);
			name = TurboTabTests;
			productName = TurboTabTests;
			productReference = DDD168251DB9CBDB007DE450 /* TurboTabTests.xctest */;
			productType = "com.apple.product-type.bundle.unit-test";
		};
		DDD1682F1DB9CBDB007DE450 /* TurboTabUITests */ = {
			isa = PBXNativeTarget;
			buildConfigurationList = DDD1683F1DB9CBDB007DE450 /* Build configuration list for PBXNativeTarget "TurboTabUITests" */;
			buildPhases = (
				DDD1682C1DB9CBDB007DE450 /* Sources */,
				DDD1682D1DB9CBDB007DE450 /* Frameworks */,
				DDD1682E1DB9CBDB007DE450 /* Resources */,
			);
			buildRules = (
			);
			dependencies = (
				DDD168321DB9CBDB007DE450 /* PBXTargetDependency */,
			);
			name = TurboTabUITests;
			productName = TurboTabUITests;
			productReference = DDD168301DB9CBDB007DE450 /* TurboTabUITests.xctest */;
			productType = "com.apple.product-type.bundle.ui-testing";
		};
/* End PBXNativeTarget section */

/* Begin PBXProject section */
		DDD168091DB9CBDB007DE450 /* Project object */ = {
			isa = PBXProject;
			attributes = {
				LastSwiftUpdateCheck = 0800;
				LastUpgradeCheck = 0800;
				ORGANIZATIONNAME = "Ryan Alvarado";
				TargetAttributes = {
					DDD168101DB9CBDB007DE450 = {
						CreatedOnToolsVersion = 8.0;
						DevelopmentTeam = 2CHFM6M3ZV;
						ProvisioningStyle = Automatic;
					};
					DDD168241DB9CBDB007DE450 = {
						CreatedOnToolsVersion = 8.0;
						DevelopmentTeam = 2CHFM6M3ZV;
						ProvisioningStyle = Automatic;
						TestTargetID = DDD168101DB9CBDB007DE450;
					};
					DDD1682F1DB9CBDB007DE450 = {
						CreatedOnToolsVersion = 8.0;
						DevelopmentTeam = 2CHFM6M3ZV;
						ProvisioningStyle = Automatic;
						TestTargetID = DDD168101DB9CBDB007DE450;
					};
				};
			};
			buildConfigurationList = DDD1680C1DB9CBDB007DE450 /* Build configuration list for PBXProject "TurboTab" */;
			compatibilityVersion = "Xcode 3.2";
			developmentRegion = English;
			hasScannedForEncodings = 0;
			knownRegions = (
				en,
				Base,
			);
			mainGroup = DDD168081DB9CBDB007DE450;
			productRefGroup = DDD168121DB9CBDB007DE450 /* Products */;
			projectDirPath = "";
			projectRoot = "";
			targets = (
				DDD168101DB9CBDB007DE450 /* TurboTab */,
				DDD168241DB9CBDB007DE450 /* TurboTabTests */,
				DDD1682F1DB9CBDB007DE450 /* TurboTabUITests */,
			);
		};
/* End PBXProject section */

/* Begin PBXResourcesBuildPhase section */
		DDD1680F1DB9CBDB007DE450 /* Resources */ = {
			isa = PBXResourcesBuildPhase;
			buildActionMask = 2147483647;
			files = (
				DDD1681F1DB9CBDB007DE450 /* LaunchScreen.storyboard in Resources */,
				DDD1681C1DB9CBDB007DE450 /* Assets.xcassets in Resources */,
				DDD1681A1DB9CBDB007DE450 /* Main.storyboard in Resources */,
			);
			runOnlyForDeploymentPostprocessing = 0;
		};
		DDD168231DB9CBDB007DE450 /* Resources */ = {
			isa = PBXResourcesBuildPhase;
			buildActionMask = 2147483647;
			files = (
			);
			runOnlyForDeploymentPostprocessing = 0;
		};
		DDD1682E1DB9CBDB007DE450 /* Resources */ = {
			isa = PBXResourcesBuildPhase;
			buildActionMask = 2147483647;
			files = (
			);
			runOnlyForDeploymentPostprocessing = 0;
		};
/* End PBXResourcesBuildPhase section */

/* Begin PBXSourcesBuildPhase section */
		DDD1680D1DB9CBDB007DE450 /* Sources */ = {
			isa = PBXSourcesBuildPhase;
			buildActionMask = 2147483647;
			files = (
				DDD168171DB9CBDB007DE450 /* ViewController.swift in Sources */,
				DDD168151DB9CBDB007DE450 /* AppDelegate.swift in Sources */,
			);
			runOnlyForDeploymentPostprocessing = 0;
		};
		DDD168211DB9CBDB007DE450 /* Sources */ = {
			isa = PBXSourcesBuildPhase;
			buildActionMask = 2147483647;
			files = (
				DDD1682A1DB9CBDB007DE450 /* TurboTabTests.swift in Sources */,
			);
			runOnlyForDeploymentPostprocessing = 0;
		};
		DDD1682C1DB9CBDB007DE450 /* Sources */ = {
			isa = PBXSourcesBuildPhase;
			buildActionMask = 2147483647;
			files = (
				DDD168351DB9CBDB007DE450 /* TurboTabUITests.swift in Sources */,
			);
			runOnlyForDeploymentPostprocessing = 0;
		};
/* End PBXSourcesBuildPhase section */

/* Begin PBXTargetDependency section */
		DDD168271DB9CBDB007DE450 /* PBXTargetDependency */ = {
			isa = PBXTargetDependency;
			target = DDD168101DB9CBDB007DE450 /* TurboTab */;
			targetProxy = DDD168261DB9CBDB007DE450 /* PBXContainerItemProxy */;
		};
		DDD168321DB9CBDB007DE450 /* PBXTargetDependency */ = {
			isa = PBXTargetDependency;
			target = DDD168101DB9CBDB007DE450 /* TurboTab */;
			targetProxy = DDD168311DB9CBDB007DE450 /* PBXContainerItemProxy */;
		};
/* End PBXTargetDependency section */

/* Begin PBXVariantGroup section */
		DDD168181DB9CBDB007DE450 /* Main.storyboard */ = {
			isa = PBXVariantGroup;
			children = (
				DDD168191DB9CBDB007DE450 /* Base */,
			);
			name = Main.storyboard;
			sourceTree = "<group>";
		};
		DDD1681D1DB9CBDB007DE450 /* LaunchScreen.storyboard */ = {
			isa = PBXVariantGroup;
			children = (
				DDD1681E1DB9CBDB007DE450 /* Base */,
			);
			name = LaunchScreen.storyboard;
			sourceTree = "<group>";
		};
/* End PBXVariantGroup section */

/* Begin XCBuildConfiguration section */
		DDD168371DB9CBDB007DE450 /* Debug */ = {
			isa = XCBuildConfiguration;
			buildSettings = {
				ALWAYS_SEARCH_USER_PATHS = NO;
				CLANG_ANALYZER_NONNULL = YES;
				CLANG_CXX_LANGUAGE_STANDARD = "gnu++0x";
				CLANG_CXX_LIBRARY = "libc++";
				CLANG_ENABLE_MODULES = YES;
				CLANG_ENABLE_OBJC_ARC = YES;
				CLANG_WARN_BOOL_CONVERSION = YES;
				CLANG_WARN_CONSTANT_CONVERSION = YES;
				CLANG_WARN_DIRECT_OBJC_ISA_USAGE = YES_ERROR;
				CLANG_WARN_DOCUMENTATION_COMMENTS = YES;
				CLANG_WARN_EMPTY_BODY = YES;
				CLANG_WARN_ENUM_CONVERSION = YES;
				CLANG_WARN_INFINITE_RECURSION = YES;
				CLANG_WARN_INT_CONVERSION = YES;
				CLANG_WARN_OBJC_ROOT_CLASS = YES_ERROR;
				CLANG_WARN_SUSPICIOUS_MOVES = YES;
				CLANG_WARN_UNREACHABLE_CODE = YES;
				CLANG_WARN__DUPLICATE_METHOD_MATCH = YES;
				"CODE_SIGN_IDENTITY[sdk=iphoneos*]" = "iPhone Developer";
				COPY_PHASE_STRIP = NO;
				DEBUG_INFORMATION_FORMAT = dwarf;
				ENABLE_STRICT_OBJC_MSGSEND = YES;
				ENABLE_TESTABILITY = YES;
				GCC_C_LANGUAGE_STANDARD = gnu99;
				GCC_DYNAMIC_NO_PIC = NO;
				GCC_NO_COMMON_BLOCKS = YES;
				GCC_OPTIMIZATION_LEVEL = 0;
				GCC_PREPROCESSOR_DEFINITIONS = (
					"DEBUG=1",
					"$(inherited)",
				);
				GCC_WARN_64_TO_32_BIT_CONVERSION = YES;
				GCC_WARN_ABOUT_RETURN_TYPE = YES_ERROR;
				GCC_WARN_UNDECLARED_SELECTOR = YES;
				GCC_WARN_UNINITIALIZED_AUTOS = YES_AGGRESSIVE;
				GCC_WARN_UNUSED_FUNCTION = YES;
				GCC_WARN_UNUSED_VARIABLE = YES;
				IPHONEOS_DEPLOYMENT_TARGET = 10.0;
				MTL_ENABLE_DEBUG_INFO = YES;
				ONLY_ACTIVE_ARCH = YES;
				SDKROOT = iphoneos;
				SWIFT_ACTIVE_COMPILATION_CONDITIONS = DEBUG;
				SWIFT_OPTIMIZATION_LEVEL = "-Onone";
			};
			name = Debug;
		};
		DDD168381DB9CBDB007DE450 /* Release */ = {
			isa = XCBuildConfiguration;
			buildSettings = {
				ALWAYS_SEARCH_USER_PATHS = NO;
				CLANG_ANALYZER_NONNULL = YES;
				CLANG_CXX_LANGUAGE_STANDARD = "gnu++0x";
				CLANG_CXX_LIBRARY = "libc++";
				CLANG_ENABLE_MODULES = YES;
				CLANG_ENABLE_OBJC_ARC = YES;
				CLANG_WARN_BOOL_CONVERSION = YES;
				CLANG_WARN_CONSTANT_CONVERSION = YES;
				CLANG_WARN_DIRECT_OBJC_ISA_USAGE = YES_ERROR;
				CLANG_WARN_DOCUMENTATION_COMMENTS = YES;
				CLANG_WARN_EMPTY_BODY = YES;
				CLANG_WARN_ENUM_CONVERSION = YES;
				CLANG_WARN_INFINITE_RECURSION = YES;
				CLANG_WARN_INT_CONVERSION = YES;
				CLANG_WARN_OBJC_ROOT_CLASS = YES_ERROR;
				CLANG_WARN_SUSPICIOUS_MOVES = YES;
				CLANG_WARN_UNREACHABLE_CODE = YES;
				CLANG_WARN__DUPLICATE_METHOD_MATCH = YES;
				"CODE_SIGN_IDENTITY[sdk=iphoneos*]" = "iPhone Developer";
				COPY_PHASE_STRIP = NO;
				DEBUG_INFORMATION_FORMAT = "dwarf-with-dsym";
				ENABLE_NS_ASSERTIONS = NO;
				ENABLE_STRICT_OBJC_MSGSEND = YES;
				GCC_C_LANGUAGE_STANDARD = gnu99;
				GCC_NO_COMMON_BLOCKS = YES;
				GCC_WARN_64_TO_32_BIT_CONVERSION = YES;
				GCC_WARN_ABOUT_RETURN_TYPE = YES_ERROR;
				GCC_WARN_UNDECLARED_SELECTOR = YES;
				GCC_WARN_UNINITIALIZED_AUTOS = YES_AGGRESSIVE;
				GCC_WARN_UNUSED_FUNCTION = YES;
				GCC_WARN_UNUSED_VARIABLE = YES;
				IPHONEOS_DEPLOYMENT_TARGET = 10.0;
				MTL_ENABLE_DEBUG_INFO = NO;
				SDKROOT = iphoneos;
				SWIFT_OPTIMIZATION_LEVEL = "-Owholemodule";
				VALIDATE_PRODUCT = YES;
			};
			name = Release;
		};
		DDD1683A1DB9CBDB007DE450 /* Debug */ = {
			isa = XCBuildConfiguration;
			buildSettings = {
				ASSETCATALOG_COMPILER_APPICON_NAME = AppIcon;
				DEVELOPMENT_TEAM = 2CHFM6M3ZV;
				INFOPLIST_FILE = TurboTab/Info.plist;
				LD_RUNPATH_SEARCH_PATHS = "$(inherited) @executable_path/Frameworks";
				PRODUCT_BUNDLE_IDENTIFIER = ryanalvarado.TurboTab;
				PRODUCT_NAME = "$(TARGET_NAME)";
				SWIFT_VERSION = 3.0;
			};
			name = Debug;
		};
		DDD1683B1DB9CBDB007DE450 /* Release */ = {
			isa = XCBuildConfiguration;
			buildSettings = {
				ASSETCATALOG_COMPILER_APPICON_NAME = AppIcon;
				DEVELOPMENT_TEAM = 2CHFM6M3ZV;
				INFOPLIST_FILE = TurboTab/Info.plist;
				LD_RUNPATH_SEARCH_PATHS = "$(inherited) @executable_path/Frameworks";
				PRODUCT_BUNDLE_IDENTIFIER = ryanalvarado.TurboTab;
				PRODUCT_NAME = "$(TARGET_NAME)";
				SWIFT_VERSION = 3.0;
			};
			name = Release;
		};
		DDD1683D1DB9CBDB007DE450 /* Debug */ = {
			isa = XCBuildConfiguration;
			buildSettings = {
				ALWAYS_EMBED_SWIFT_STANDARD_LIBRARIES = YES;
				BUNDLE_LOADER = "$(TEST_HOST)";
				DEVELOPMENT_TEAM = 2CHFM6M3ZV;
				INFOPLIST_FILE = TurboTabTests/Info.plist;
				LD_RUNPATH_SEARCH_PATHS = "$(inherited) @executable_path/Frameworks @loader_path/Frameworks";
				PRODUCT_BUNDLE_IDENTIFIER = ryanalvarado.TurboTabTests;
				PRODUCT_NAME = "$(TARGET_NAME)";
				SWIFT_VERSION = 3.0;
				TEST_HOST = "$(BUILT_PRODUCTS_DIR)/TurboTab.app/TurboTab";
			};
			name = Debug;
		};
		DDD1683E1DB9CBDB007DE450 /* Release */ = {
			isa = XCBuildConfiguration;
			buildSettings = {
				ALWAYS_EMBED_SWIFT_STANDARD_LIBRARIES = YES;
				BUNDLE_LOADER = "$(TEST_HOST)";
				DEVELOPMENT_TEAM = 2CHFM6M3ZV;
				INFOPLIST_FILE = TurboTabTests/Info.plist;
				LD_RUNPATH_SEARCH_PATHS = "$(inherited) @executable_path/Frameworks @loader_path/Frameworks";
				PRODUCT_BUNDLE_IDENTIFIER = ryanalvarado.TurboTabTests;
				PRODUCT_NAME = "$(TARGET_NAME)";
				SWIFT_VERSION = 3.0;
				TEST_HOST = "$(BUILT_PRODUCTS_DIR)/TurboTab.app/TurboTab";
			};
			name = Release;
		};
		DDD168401DB9CBDB007DE450 /* Debug */ = {
			isa = XCBuildConfiguration;
			buildSettings = {
				ALWAYS_EMBED_SWIFT_STANDARD_LIBRARIES = YES;
				DEVELOPMENT_TEAM = 2CHFM6M3ZV;
				INFOPLIST_FILE = TurboTabUITests/Info.plist;
				LD_RUNPATH_SEARCH_PATHS = "$(inherited) @executable_path/Frameworks @loader_path/Frameworks";
				PRODUCT_BUNDLE_IDENTIFIER = ryanalvarado.TurboTabUITests;
				PRODUCT_NAME = "$(TARGET_NAME)";
				SWIFT_VERSION = 3.0;
				TEST_TARGET_NAME = TurboTab;
			};
			name = Debug;
		};
		DDD168411DB9CBDB007DE450 /* Release */ = {
			isa = XCBuildConfiguration;
			buildSettings = {
				ALWAYS_EMBED_SWIFT_STANDARD_LIBRARIES = YES;
				DEVELOPMENT_TEAM = 2CHFM6M3ZV;
				INFOPLIST_FILE = TurboTabUITests/Info.plist;
				LD_RUNPATH_SEARCH_PATHS = "$(inherited) @executable_path/Frameworks @loader_path/Frameworks";
				PRODUCT_BUNDLE_IDENTIFIER = ryanalvarado.TurboTabUITests;
				PRODUCT_NAME = "$(TARGET_NAME)";
				SWIFT_VERSION = 3.0;
				TEST_TARGET_NAME = TurboTab;
			};
			name = Release;
		};
/* End XCBuildConfiguration section */

/* Begin XCConfigurationList section */
		DDD1680C1DB9CBDB007DE450 /* Build configuration list for PBXProject "TurboTab" */ = {
			isa = XCConfigurationList;
			buildConfigurations = (
				DDD168371DB9CBDB007DE450 /* Debug */,
				DDD168381DB9CBDB007DE450 /* Release */,
			);
			defaultConfigurationIsVisible = 0;
			defaultConfigurationName = Release;
		};
		DDD168391DB9CBDB007DE450 /* Build configuration list for PBXNativeTarget "TurboTab" */ = {
			isa = XCConfigurationList;
			buildConfigurations = (
				DDD1683A1DB9CBDB007DE450 /* Debug */,
				DDD1683B1DB9CBDB007DE450 /* Release */,
			);
			defaultConfigurationIsVisible = 0;
		};
		DDD1683C1DB9CBDB007DE450 /* Build configuration list for PBXNativeTarget "TurboTabTests" */ = {
			isa = XCConfigurationList;
			buildConfigurations = (
				DDD1683D1DB9CBDB007DE450 /* Debug */,
				DDD1683E1DB9CBDB007DE450 /* Release */,
			);
			defaultConfigurationIsVisible = 0;
		};
		DDD1683F1DB9CBDB007DE450 /* Build configuration list for PBXNativeTarget "TurboTabUITests" */ = {
			isa = XCConfigurationList;
			buildConfigurations = (
				DDD168401DB9CBDB007DE450 /* Debug */,
				DDD168411DB9CBDB007DE450 /* Release */,
			);
			defaultConfigurationIsVisible = 0;
		};
/* End XCConfigurationList section */
	};
	rootObject = DDD168091DB9CBDB007DE450 /* Project object */;
}
